
Microsoft Visual Studio Solution File, Format Version 12.00
# Visual Studio 15
VisualStudioVersion = 15.0.28307.168
MinimumVisualStudioVersion = 10.0.40219.1
Project("{E24C65DC-7377-472B-9ABA-BC803B73C61A}") = "demo2", "demo2\", "{94A1D6BB-5296-4BFD-9E01-0442CDDCB887}"
	ProjectSection(WebsiteProperties) = preProject
		TargetFrameworkMoniker = ".NETFramework,Version%3Dv4.5"
		Debug.AspNetCompiler.VirtualPath = "/localhost_1029"
		Debug.AspNetCompiler.PhysicalPath = "demo2\"
		Debug.AspNetCompiler.TargetPath = "PrecompiledWeb\localhost_1029\"
		Debug.AspNetCompiler.Updateable = "true"
		Debug.AspNetCompiler.ForceOverwrite = "true"
		Debug.AspNetCompiler.FixedNames = "false"
		Debug.AspNetCompiler.Debug = "True"
		Release.AspNetCompiler.VirtualPath = "/localhost_1029"
		Release.AspNetCompiler.PhysicalPath = "demo2\"
		Release.AspNetCompiler.TargetPath = "PrecompiledWeb\localhost_1029\"
		Release.AspNetCompiler.Updateable = "true"
		Release.AspNetCompiler.ForceOverwrite = "true"
		Release.AspNetCompiler.FixedNames = "false"
		Release.AspNetCompiler.Debug = "False"
		VWDPort = "1029"
		SlnRelativePath = "demo2\"
		DefaultWebSiteLanguage = "Visual C#"
	EndProjectSection
EndProject
Global
	GlobalSection(SolutionConfigurationPlatforms) = preSolution
		Debug|Any CPU = Debug|Any CPU
	EndGlobalSection
	GlobalSection(ProjectConfigurationPlatforms) = postSolution
		{94A1D6BB-5296-4BFD-9E01-0442CDDCB887}.Debug|Any CPU.ActiveCfg = Debug|Any CPU
		{94A1D6BB-5296-4BFD-9E01-0442CDDCB887}.Debug|Any CPU.Build.0 = Debug|Any CPU
	EndGlobalSection
	GlobalSection(SolutionProperties) = preSolution
		HideSolutionNode = FALSE
	EndGlobalSection
	GlobalSection(ExtensibilityGlobals) = postSolution
		SolutionGuid = {98329264-723F-42F4-BFAE-5314318C7563}
	EndGlobalSection
EndGlobal
